PODS:
  - SwiftDataProvider (1.5.0)

DEPENDENCIES:
  - SwiftDataProvider (from `../`)

EXTERNAL SOURCES:
  SwiftDataProvider:
    :path: "../"

SPEC CHECKSUMS:
  SwiftDataProvider: ee24d2030dd5578f4b9fd552aa1f81fe5aafa69e

PODFILE CHECKSUM: adbf3826727ecda83a5e6bbadf86139069e698fd

COCOAPODS: 1.5.3
