PODS:
  - SwiftDataProvider (3.0.0)

DEPENDENCIES:
  - SwiftDataProvider (from `../`)

EXTERNAL SOURCES:
  SwiftDataProvider:
    :path: "../"

SPEC CHECKSUMS:
  SwiftDataProvider: 0113eb22e37c620e8148e219896b69b4b4697d8b

PODFILE CHECKSUM: 61f5ad27f1782fa9c53a3969402c6738fa2854bf

COCOAPODS: 1.14.3
