PODS:
  - SwiftDataProvider (3.0.0)

DEPENDENCIES:
  - SwiftDataProvider (from `../`)

EXTERNAL SOURCES:
  SwiftDataProvider:
    :path: "../"

SPEC CHECKSUMS:
  SwiftDataProvider: 0113eb22e37c620e8148e219896b69b4b4697d8b

PODFILE CHECKSUM: e30345273122d762ef6df8849bfe51aab275f59a

COCOAPODS: 1.14.3
