// !$*UTF8*$!
{
	archiveVersion = 1;
	classes = {
	};
	objectVersion = 46;
	objects = {

/* Begin PBXBuildFile section */
		10F0751E8977FD241FF2C2CD /* Pods_SwiftDataProvider_Tests.framework in Frameworks */ = {isa = PBXBuildFile; fileRef = 63F6FFEBEBE8643C31FC2D2B /* Pods_SwiftDataProvider_Tests.framework */; };
		5842F6292197753000DA1A49 /* ViewModel.swift in Sources */ = {isa = PBXBuildFile; fileRef = 5842F6282197753000DA1A49 /* ViewModel.swift */; };
		5842F62B21977C3500DA1A49 /* TextEnterCell.xib in Resources */ = {isa = PBXBuildFile; fileRef = 5842F62A21977C3500DA1A49 /* TextEnterCell.xib */; };
		5842F62D219780C300DA1A49 /* HeaderView.xib in Resources */ = {isa = PBXBuildFile; fileRef = 5842F62C219780C300DA1A49 /* HeaderView.xib */; };
		5842F62F2197812E00DA1A49 /* Icon.png in Resources */ = {isa = PBXBuildFile; fileRef = 5842F62E2197812D00DA1A49 /* Icon.png */; };
		5842F6582197826E00DA1A49 /* HeaderView.swift in Sources */ = {isa = PBXBuildFile; fileRef = 5842F6572197826E00DA1A49 /* HeaderView.swift */; };
		5842F65B2197863B00DA1A49 /* FooterView.xib in Resources */ = {isa = PBXBuildFile; fileRef = 5842F6592197863A00DA1A49 /* FooterView.xib */; };
		5842F65C2197863B00DA1A49 /* FooterView.swift in Sources */ = {isa = PBXBuildFile; fileRef = 5842F65A2197863B00DA1A49 /* FooterView.swift */; };
		5842F68C219CCA3000DA1A49 /* AppDelegate.swift in Sources */ = {isa = PBXBuildFile; fileRef = 5842F68B219CCA3000DA1A49 /* AppDelegate.swift */; };
		5842F68E219CCA3000DA1A49 /* ViewController.swift in Sources */ = {isa = PBXBuildFile; fileRef = 5842F68D219CCA3000DA1A49 /* ViewController.swift */; };
		5842F691219CCA3000DA1A49 /* Main.storyboard in Resources */ = {isa = PBXBuildFile; fileRef = 5842F68F219CCA3000DA1A49 /* Main.storyboard */; };
		5842F693219CCA3200DA1A49 /* Assets.xcassets in Resources */ = {isa = PBXBuildFile; fileRef = 5842F692219CCA3200DA1A49 /* Assets.xcassets */; };
		5842F696219CCA3200DA1A49 /* LaunchScreen.storyboard in Resources */ = {isa = PBXBuildFile; fileRef = 5842F694219CCA3200DA1A49 /* LaunchScreen.storyboard */; };
		5842F69C219CCC0F00DA1A49 /* DateSelectionCell.xib in Resources */ = {isa = PBXBuildFile; fileRef = 5842F69B219CCC0F00DA1A49 /* DateSelectionCell.xib */; };
		5842F69E219CCC1C00DA1A49 /* DateSelectionCell.swift in Sources */ = {isa = PBXBuildFile; fileRef = 5842F69D219CCC1C00DA1A49 /* DateSelectionCell.swift */; };
		5842F69F219CCC3800DA1A49 /* XibLoadable.swift in Sources */ = {isa = PBXBuildFile; fileRef = 5864D8E02197284F00FE2371 /* XibLoadable.swift */; };
		5842F6A1219CCFC800DA1A49 /* ViewModel.swift in Sources */ = {isa = PBXBuildFile; fileRef = 5842F6A0219CCFC800DA1A49 /* ViewModel.swift */; };
		5856DD9B21C5D19C001F8943 /* StringsTest.swift in Sources */ = {isa = PBXBuildFile; fileRef = 5856DD9A21C5D19C001F8943 /* StringsTest.swift */; };
		5864D8DF21971F9500FE2371 /* HeaderView.xib in Resources */ = {isa = PBXBuildFile; fileRef = 5864D8DE21971F9500FE2371 /* HeaderView.xib */; };
		5864D8E12197284F00FE2371 /* XibLoadable.swift in Sources */ = {isa = PBXBuildFile; fileRef = 5864D8E02197284F00FE2371 /* XibLoadable.swift */; };
		58EFDD2A2197486C00FDA3D1 /* AppDelegate.swift in Sources */ = {isa = PBXBuildFile; fileRef = 58EFDD292197486C00FDA3D1 /* AppDelegate.swift */; };
		58EFDD2C2197486C00FDA3D1 /* ViewController.swift in Sources */ = {isa = PBXBuildFile; fileRef = 58EFDD2B2197486C00FDA3D1 /* ViewController.swift */; };
		58EFDD2F2197486C00FDA3D1 /* Main.storyboard in Resources */ = {isa = PBXBuildFile; fileRef = 58EFDD2D2197486C00FDA3D1 /* Main.storyboard */; };
		58EFDD342197487000FDA3D1 /* Assets.xcassets in Resources */ = {isa = PBXBuildFile; fileRef = 58EFDD332197487000FDA3D1 /* Assets.xcassets */; };
		58EFDD372197487000FDA3D1 /* LaunchScreen.storyboard in Resources */ = {isa = PBXBuildFile; fileRef = 58EFDD352197487000FDA3D1 /* LaunchScreen.storyboard */; };
		58EFDD58219748EC00FDA3D1 /* XibLoadable.swift in Sources */ = {isa = PBXBuildFile; fileRef = 5864D8E02197284F00FE2371 /* XibLoadable.swift */; };
		58EFDD5A219749C700FDA3D1 /* TextEnterCell.swift in Sources */ = {isa = PBXBuildFile; fileRef = 58EFDD59219749C700FDA3D1 /* TextEnterCell.swift */; };
		58FD7707217E689000CF4B3B /* TestCell.swift in Sources */ = {isa = PBXBuildFile; fileRef = 58FD7703217E688F00CF4B3B /* TestCell.swift */; };
		58FD7708217E689000CF4B3B /* ViewController.swift in Sources */ = {isa = PBXBuildFile; fileRef = 58FD7704217E688F00CF4B3B /* ViewController.swift */; };
		58FD7709217E689000CF4B3B /* Models.swift in Sources */ = {isa = PBXBuildFile; fileRef = 58FD7705217E688F00CF4B3B /* Models.swift */; };
		58FD770A217E689000CF4B3B /* ViewModel.swift in Sources */ = {isa = PBXBuildFile; fileRef = 58FD7706217E689000CF4B3B /* ViewModel.swift */; };
		607FACD61AFB9204008FA782 /* AppDelegate.swift in Sources */ = {isa = PBXBuildFile; fileRef = 607FACD51AFB9204008FA782 /* AppDelegate.swift */; };
		607FACDB1AFB9204008FA782 /* Main.storyboard in Resources */ = {isa = PBXBuildFile; fileRef = 607FACD91AFB9204008FA782 /* Main.storyboard */; };
		607FACDD1AFB9204008FA782 /* Images.xcassets in Resources */ = {isa = PBXBuildFile; fileRef = 607FACDC1AFB9204008FA782 /* Images.xcassets */; };
		607FACE01AFB9204008FA782 /* LaunchScreen.xib in Resources */ = {isa = PBXBuildFile; fileRef = 607FACDE1AFB9204008FA782 /* LaunchScreen.xib */; };
		689731928CCC1F3E379777D4 /* Pods_LoginExample.framework in Frameworks */ = {isa = PBXBuildFile; fileRef = 6C6A854A307576F67512ACBF /* Pods_LoginExample.framework */; };
		738C6E28938C56AB2F5683A0 /* Pods_SwiftDataProvider_Example.framework in Frameworks */ = {isa = PBXBuildFile; fileRef = ACCF2F0CC922439E62458C6A /* Pods_SwiftDataProvider_Example.framework */; };
		759CBED878D508CFEE12CE00 /* Pods_SelectTimeExample.framework in Frameworks */ = {isa = PBXBuildFile; fileRef = D3BF3D796D251DAB603254EA /* Pods_SelectTimeExample.framework */; };
/* End PBXBuildFile section */

/* Begin PBXContainerItemProxy section */
		607FACE61AFB9204008FA782 /* PBXContainerItemProxy */ = {
			isa = PBXContainerItemProxy;
			containerPortal = 607FACC81AFB9204008FA782 /* Project object */;
			proxyType = 1;
			remoteGlobalIDString = 607FACCF1AFB9204008FA782;
			remoteInfo = SwiftDataProvider;
		};
/* End PBXContainerItemProxy section */

/* Begin PBXFileReference section */
		140C5911A76A4C08BE5C9321 /* Pods-SwiftDataProvider_Example.release.xcconfig */ = {isa = PBXFileReference; includeInIndex = 1; lastKnownFileType = text.xcconfig; name = "Pods-SwiftDataProvider_Example.release.xcconfig"; path = "Pods/Target Support Files/Pods-SwiftDataProvider_Example/Pods-SwiftDataProvider_Example.release.xcconfig"; sourceTree = "<group>"; };
		3C78A78B2C1D2C0AED93CFA4 /* SwiftDataProvider.podspec */ = {isa = PBXFileReference; includeInIndex = 1; lastKnownFileType = text; name = SwiftDataProvider.podspec; path = ../SwiftDataProvider.podspec; sourceTree = "<group>"; xcLanguageSpecificationIdentifier = xcode.lang.ruby; };
		4A02E11C0DD536E1875ABAC2 /* Pods-SwiftDataProvider_Example.debug.xcconfig */ = {isa = PBXFileReference; includeInIndex = 1; lastKnownFileType = text.xcconfig; name = "Pods-SwiftDataProvider_Example.debug.xcconfig"; path = "Pods/Target Support Files/Pods-SwiftDataProvider_Example/Pods-SwiftDataProvider_Example.debug.xcconfig"; sourceTree = "<group>"; };
		5842F6282197753000DA1A49 /* ViewModel.swift */ = {isa = PBXFileReference; lastKnownFileType = sourcecode.swift; path = ViewModel.swift; sourceTree = "<group>"; };
		5842F62A21977C3500DA1A49 /* TextEnterCell.xib */ = {isa = PBXFileReference; lastKnownFileType = file.xib; path = TextEnterCell.xib; sourceTree = "<group>"; };
		5842F62C219780C300DA1A49 /* HeaderView.xib */ = {isa = PBXFileReference; lastKnownFileType = file.xib; path = HeaderView.xib; sourceTree = "<group>"; };
		5842F62E2197812D00DA1A49 /* Icon.png */ = {isa = PBXFileReference; lastKnownFileType = image.png; path = Icon.png; sourceTree = "<group>"; };
		5842F6572197826E00DA1A49 /* HeaderView.swift */ = {isa = PBXFileReference; lastKnownFileType = sourcecode.swift; path = HeaderView.swift; sourceTree = "<group>"; };
		5842F6592197863A00DA1A49 /* FooterView.xib */ = {isa = PBXFileReference; fileEncoding = 4; lastKnownFileType = file.xib; path = FooterView.xib; sourceTree = "<group>"; };
		5842F65A2197863B00DA1A49 /* FooterView.swift */ = {isa = PBXFileReference; fileEncoding = 4; lastKnownFileType = sourcecode.swift; path = FooterView.swift; sourceTree = "<group>"; };
		5842F689219CCA3000DA1A49 /* SelectTimeExample.app */ = {isa = PBXFileReference; explicitFileType = wrapper.application; includeInIndex = 0; path = SelectTimeExample.app; sourceTree = BUILT_PRODUCTS_DIR; };
		5842F68B219CCA3000DA1A49 /* AppDelegate.swift */ = {isa = PBXFileReference; lastKnownFileType = sourcecode.swift; path = AppDelegate.swift; sourceTree = "<group>"; };
		5842F68D219CCA3000DA1A49 /* ViewController.swift */ = {isa = PBXFileReference; lastKnownFileType = sourcecode.swift; path = ViewController.swift; sourceTree = "<group>"; };
		5842F690219CCA3000DA1A49 /* Base */ = {isa = PBXFileReference; lastKnownFileType = file.storyboard; name = Base; path = Base.lproj/Main.storyboard; sourceTree = "<group>"; };
		5842F692219CCA3200DA1A49 /* Assets.xcassets */ = {isa = PBXFileReference; lastKnownFileType = folder.assetcatalog; path = Assets.xcassets; sourceTree = "<group>"; };
		5842F695219CCA3200DA1A49 /* Base */ = {isa = PBXFileReference; lastKnownFileType = file.storyboard; name = Base; path = Base.lproj/LaunchScreen.storyboard; sourceTree = "<group>"; };
		5842F697219CCA3200DA1A49 /* Info.plist */ = {isa = PBXFileReference; lastKnownFileType = text.plist.xml; path = Info.plist; sourceTree = "<group>"; };
		5842F69B219CCC0F00DA1A49 /* DateSelectionCell.xib */ = {isa = PBXFileReference; lastKnownFileType = file.xib; path = DateSelectionCell.xib; sourceTree = "<group>"; };
		5842F69D219CCC1C00DA1A49 /* DateSelectionCell.swift */ = {isa = PBXFileReference; lastKnownFileType = sourcecode.swift; path = DateSelectionCell.swift; sourceTree = "<group>"; };
		5842F6A0219CCFC800DA1A49 /* ViewModel.swift */ = {isa = PBXFileReference; lastKnownFileType = sourcecode.swift; path = ViewModel.swift; sourceTree = "<group>"; };
		5842F6B621A0510C00DA1A49 /* CHANGELOG.md */ = {isa = PBXFileReference; fileEncoding = 4; lastKnownFileType = net.daringfireball.markdown; name = CHANGELOG.md; path = ../CHANGELOG.md; sourceTree = "<group>"; };
		5856DD9A21C5D19C001F8943 /* StringsTest.swift */ = {isa = PBXFileReference; lastKnownFileType = sourcecode.swift; path = StringsTest.swift; sourceTree = "<group>"; };
		5864D8DE21971F9500FE2371 /* HeaderView.xib */ = {isa = PBXFileReference; lastKnownFileType = file.xib; path = HeaderView.xib; sourceTree = "<group>"; };
		5864D8E02197284F00FE2371 /* XibLoadable.swift */ = {isa = PBXFileReference; fileEncoding = 4; lastKnownFileType = sourcecode.swift; path = XibLoadable.swift; sourceTree = "<group>"; };
		58EFDD272197486C00FDA3D1 /* LoginExample.app */ = {isa = PBXFileReference; explicitFileType = wrapper.application; includeInIndex = 0; path = LoginExample.app; sourceTree = BUILT_PRODUCTS_DIR; };
		58EFDD292197486C00FDA3D1 /* AppDelegate.swift */ = {isa = PBXFileReference; lastKnownFileType = sourcecode.swift; path = AppDelegate.swift; sourceTree = "<group>"; };
		58EFDD2B2197486C00FDA3D1 /* ViewController.swift */ = {isa = PBXFileReference; lastKnownFileType = sourcecode.swift; path = ViewController.swift; sourceTree = "<group>"; };
		58EFDD2E2197486C00FDA3D1 /* Base */ = {isa = PBXFileReference; lastKnownFileType = file.storyboard; name = Base; path = Base.lproj/Main.storyboard; sourceTree = "<group>"; };
		58EFDD332197487000FDA3D1 /* Assets.xcassets */ = {isa = PBXFileReference; lastKnownFileType = folder.assetcatalog; path = Assets.xcassets; sourceTree = "<group>"; };
		58EFDD362197487000FDA3D1 /* Base */ = {isa = PBXFileReference; lastKnownFileType = file.storyboard; name = Base; path = Base.lproj/LaunchScreen.storyboard; sourceTree = "<group>"; };
		58EFDD382197487000FDA3D1 /* Info.plist */ = {isa = PBXFileReference; lastKnownFileType = text.plist.xml; path = Info.plist; sourceTree = "<group>"; };
		58EFDD59219749C700FDA3D1 /* TextEnterCell.swift */ = {isa = PBXFileReference; lastKnownFileType = sourcecode.swift; path = TextEnterCell.swift; sourceTree = "<group>"; };
		58FD7703217E688F00CF4B3B /* TestCell.swift */ = {isa = PBXFileReference; fileEncoding = 4; lastKnownFileType = sourcecode.swift; path = TestCell.swift; sourceTree = "<group>"; };
		58FD7704217E688F00CF4B3B /* ViewController.swift */ = {isa = PBXFileReference; fileEncoding = 4; lastKnownFileType = sourcecode.swift; path = ViewController.swift; sourceTree = "<group>"; };
		58FD7705217E688F00CF4B3B /* Models.swift */ = {isa = PBXFileReference; fileEncoding = 4; lastKnownFileType = sourcecode.swift; path = Models.swift; sourceTree = "<group>"; };
		58FD7706217E689000CF4B3B /* ViewModel.swift */ = {isa = PBXFileReference; fileEncoding = 4; lastKnownFileType = sourcecode.swift; path = ViewModel.swift; sourceTree = "<group>"; };
		607FACD01AFB9204008FA782 /* SwiftDataProvider_Example.app */ = {isa = PBXFileReference; explicitFileType = wrapper.application; includeInIndex = 0; path = SwiftDataProvider_Example.app; sourceTree = BUILT_PRODUCTS_DIR; };
		607FACD41AFB9204008FA782 /* Info.plist */ = {isa = PBXFileReference; lastKnownFileType = text.plist.xml; path = Info.plist; sourceTree = "<group>"; };
		607FACD51AFB9204008FA782 /* AppDelegate.swift */ = {isa = PBXFileReference; lastKnownFileType = sourcecode.swift; path = AppDelegate.swift; sourceTree = "<group>"; };
		607FACDA1AFB9204008FA782 /* Base */ = {isa = PBXFileReference; lastKnownFileType = file.storyboard; name = Base; path = Base.lproj/Main.storyboard; sourceTree = "<group>"; };
		607FACDC1AFB9204008FA782 /* Images.xcassets */ = {isa = PBXFileReference; lastKnownFileType = folder.assetcatalog; path = Images.xcassets; sourceTree = "<group>"; };
		607FACDF1AFB9204008FA782 /* Base */ = {isa = PBXFileReference; lastKnownFileType = file.xib; name = Base; path = Base.lproj/LaunchScreen.xib; sourceTree = "<group>"; };
		607FACE51AFB9204008FA782 /* SwiftDataProvider_Tests.xctest */ = {isa = PBXFileReference; explicitFileType = wrapper.cfbundle; includeInIndex = 0; path = SwiftDataProvider_Tests.xctest; sourceTree = BUILT_PRODUCTS_DIR; };
		607FACEA1AFB9204008FA782 /* Info.plist */ = {isa = PBXFileReference; lastKnownFileType = text.plist.xml; path = Info.plist; sourceTree = "<group>"; };
		63F6FFEBEBE8643C31FC2D2B /* Pods_SwiftDataProvider_Tests.framework */ = {isa = PBXFileReference; explicitFileType = wrapper.framework; includeInIndex = 0; path = Pods_SwiftDataProvider_Tests.framework; sourceTree = BUILT_PRODUCTS_DIR; };
		6A3F8F8242B19347095C43E5 /* Pods-SwiftDataProvider_Tests.release.xcconfig */ = {isa = PBXFileReference; includeInIndex = 1; lastKnownFileType = text.xcconfig; name = "Pods-SwiftDataProvider_Tests.release.xcconfig"; path = "Pods/Target Support Files/Pods-SwiftDataProvider_Tests/Pods-SwiftDataProvider_Tests.release.xcconfig"; sourceTree = "<group>"; };
		6C6A854A307576F67512ACBF /* Pods_LoginExample.framework */ = {isa = PBXFileReference; explicitFileType = wrapper.framework; includeInIndex = 0; path = Pods_LoginExample.framework; sourceTree = BUILT_PRODUCTS_DIR; };
		A40033DC16AD8D6FCCE815E4 /* Pods-LoginExample.release.xcconfig */ = {isa = PBXFileReference; includeInIndex = 1; lastKnownFileType = text.xcconfig; name = "Pods-LoginExample.release.xcconfig"; path = "Pods/Target Support Files/Pods-LoginExample/Pods-LoginExample.release.xcconfig"; sourceTree = "<group>"; };
		ACCF2F0CC922439E62458C6A /* Pods_SwiftDataProvider_Example.framework */ = {isa = PBXFileReference; explicitFileType = wrapper.framework; includeInIndex = 0; path = Pods_SwiftDataProvider_Example.framework; sourceTree = BUILT_PRODUCTS_DIR; };
		C29BB8523675FBB6459D8759 /* LICENSE */ = {isa = PBXFileReference; includeInIndex = 1; lastKnownFileType = text; name = LICENSE; path = ../LICENSE; sourceTree = "<group>"; };
		D27B897FB6DBBFDF3C2AE6E5 /* Pods-SelectTimeExample.debug.xcconfig */ = {isa = PBXFileReference; includeInIndex = 1; lastKnownFileType = text.xcconfig; name = "Pods-SelectTimeExample.debug.xcconfig"; path = "Pods/Target Support Files/Pods-SelectTimeExample/Pods-SelectTimeExample.debug.xcconfig"; sourceTree = "<group>"; };
		D3BF3D796D251DAB603254EA /* Pods_SelectTimeExample.framework */ = {isa = PBXFileReference; explicitFileType = wrapper.framework; includeInIndex = 0; path = Pods_SelectTimeExample.framework; sourceTree = BUILT_PRODUCTS_DIR; };
		E2D2D8C29B71D1A2160C516E /* Pods-SwiftDataProvider_Tests.debug.xcconfig */ = {isa = PBXFileReference; includeInIndex = 1; lastKnownFileType = text.xcconfig; name = "Pods-SwiftDataProvider_Tests.debug.xcconfig"; path = "Pods/Target Support Files/Pods-SwiftDataProvider_Tests/Pods-SwiftDataProvider_Tests.debug.xcconfig"; sourceTree = "<group>"; };
		EE81B9384567ED293723CE6F /* Pods-SelectTimeExample.release.xcconfig */ = {isa = PBXFileReference; includeInIndex = 1; lastKnownFileType = text.xcconfig; name = "Pods-SelectTimeExample.release.xcconfig"; path = "Pods/Target Support Files/Pods-SelectTimeExample/Pods-SelectTimeExample.release.xcconfig"; sourceTree = "<group>"; };
		F494331C8BE1B7B7DD84EF92 /* Pods-LoginExample.debug.xcconfig */ = {isa = PBXFileReference; includeInIndex = 1; lastKnownFileType = text.xcconfig; name = "Pods-LoginExample.debug.xcconfig"; path = "Pods/Target Support Files/Pods-LoginExample/Pods-LoginExample.debug.xcconfig"; sourceTree = "<group>"; };
		F88D40FD28C37C6511254E2F /* README.md */ = {isa = PBXFileReference; includeInIndex = 1; lastKnownFileType = net.daringfireball.markdown; name = README.md; path = ../README.md; sourceTree = "<group>"; };
/* End PBXFileReference section */

/* Begin PBXFrameworksBuildPhase section */
		5842F686219CCA3000DA1A49 /* Frameworks */ = {
			isa = PBXFrameworksBuildPhase;
			buildActionMask = 2147483647;
			files = (
				759CBED878D508CFEE12CE00 /* Pods_SelectTimeExample.framework in Frameworks */,
			);
			runOnlyForDeploymentPostprocessing = 0;
		};
		58EFDD242197486C00FDA3D1 /* Frameworks */ = {
			isa = PBXFrameworksBuildPhase;
			buildActionMask = 2147483647;
			files = (
				689731928CCC1F3E379777D4 /* Pods_LoginExample.framework in Frameworks */,
			);
			runOnlyForDeploymentPostprocessing = 0;
		};
		607FACCD1AFB9204008FA782 /* Frameworks */ = {
			isa = PBXFrameworksBuildPhase;
			buildActionMask = 2147483647;
			files = (
				738C6E28938C56AB2F5683A0 /* Pods_SwiftDataProvider_Example.framework in Frameworks */,
			);
			runOnlyForDeploymentPostprocessing = 0;
		};
		607FACE21AFB9204008FA782 /* Frameworks */ = {
			isa = PBXFrameworksBuildPhase;
			buildActionMask = 2147483647;
			files = (
				10F0751E8977FD241FF2C2CD /* Pods_SwiftDataProvider_Tests.framework in Frameworks */,
			);
			runOnlyForDeploymentPostprocessing = 0;
		};
/* End PBXFrameworksBuildPhase section */

/* Begin PBXGroup section */
		37860273DBC57E4A84176D5B /* Frameworks */ = {
			isa = PBXGroup;
			children = (
				ACCF2F0CC922439E62458C6A /* Pods_SwiftDataProvider_Example.framework */,
				63F6FFEBEBE8643C31FC2D2B /* Pods_SwiftDataProvider_Tests.framework */,
				6C6A854A307576F67512ACBF /* Pods_LoginExample.framework */,
				D3BF3D796D251DAB603254EA /* Pods_SelectTimeExample.framework */,
			);
			name = Frameworks;
			sourceTree = "<group>";
		};
		5842F68A219CCA3000DA1A49 /* SelectTimeExample */ = {
			isa = PBXGroup;
			children = (
				5842F68B219CCA3000DA1A49 /* AppDelegate.swift */,
				5842F68D219CCA3000DA1A49 /* ViewController.swift */,
				5842F68F219CCA3000DA1A49 /* Main.storyboard */,
				5842F692219CCA3200DA1A49 /* Assets.xcassets */,
				5842F694219CCA3200DA1A49 /* LaunchScreen.storyboard */,
				5842F697219CCA3200DA1A49 /* Info.plist */,
				5842F69B219CCC0F00DA1A49 /* DateSelectionCell.xib */,
				5842F69D219CCC1C00DA1A49 /* DateSelectionCell.swift */,
				5842F6A0219CCFC800DA1A49 /* ViewModel.swift */,
			);
			path = SelectTimeExample;
			sourceTree = "<group>";
		};
		58EFDD282197486C00FDA3D1 /* LoginExample */ = {
			isa = PBXGroup;
			children = (
				58EFDD292197486C00FDA3D1 /* AppDelegate.swift */,
				58EFDD2B2197486C00FDA3D1 /* ViewController.swift */,
				58EFDD2D2197486C00FDA3D1 /* Main.storyboard */,
				58EFDD332197487000FDA3D1 /* Assets.xcassets */,
				5842F62E2197812D00DA1A49 /* Icon.png */,
				58EFDD352197487000FDA3D1 /* LaunchScreen.storyboard */,
				58EFDD382197487000FDA3D1 /* Info.plist */,
				5842F6282197753000DA1A49 /* ViewModel.swift */,
				58EFDD59219749C700FDA3D1 /* TextEnterCell.swift */,
				5842F62A21977C3500DA1A49 /* TextEnterCell.xib */,
				5842F6572197826E00DA1A49 /* HeaderView.swift */,
				5842F62C219780C300DA1A49 /* HeaderView.xib */,
				5842F65A2197863B00DA1A49 /* FooterView.swift */,
				5842F6592197863A00DA1A49 /* FooterView.xib */,
			);
			path = LoginExample;
			sourceTree = "<group>";
		};
		607FACC71AFB9204008FA782 = {
			isa = PBXGroup;
			children = (
				607FACF51AFB993E008FA782 /* Podspec Metadata */,
				607FACD21AFB9204008FA782 /* Example for SwiftDataProvider */,
				607FACE81AFB9204008FA782 /* Tests */,
				58EFDD282197486C00FDA3D1 /* LoginExample */,
				5842F68A219CCA3000DA1A49 /* SelectTimeExample */,
				607FACD11AFB9204008FA782 /* Products */,
				FF9B05EF33E045C3B439BC08 /* Pods */,
				37860273DBC57E4A84176D5B /* Frameworks */,
			);
			sourceTree = "<group>";
		};
		607FACD11AFB9204008FA782 /* Products */ = {
			isa = PBXGroup;
			children = (
				607FACD01AFB9204008FA782 /* SwiftDataProvider_Example.app */,
				607FACE51AFB9204008FA782 /* SwiftDataProvider_Tests.xctest */,
				58EFDD272197486C00FDA3D1 /* LoginExample.app */,
				5842F689219CCA3000DA1A49 /* SelectTimeExample.app */,
			);
			name = Products;
			sourceTree = "<group>";
		};
		607FACD21AFB9204008FA782 /* Example for SwiftDataProvider */ = {
			isa = PBXGroup;
			children = (
				5864D8E02197284F00FE2371 /* XibLoadable.swift */,
				607FACD51AFB9204008FA782 /* AppDelegate.swift */,
				58FD7705217E688F00CF4B3B /* Models.swift */,
				58FD7703217E688F00CF4B3B /* TestCell.swift */,
				58FD7704217E688F00CF4B3B /* ViewController.swift */,
				58FD7706217E689000CF4B3B /* ViewModel.swift */,
				607FACD91AFB9204008FA782 /* Main.storyboard */,
				607FACDC1AFB9204008FA782 /* Images.xcassets */,
				607FACDE1AFB9204008FA782 /* LaunchScreen.xib */,
				607FACD31AFB9204008FA782 /* Supporting Files */,
				5864D8DE21971F9500FE2371 /* HeaderView.xib */,
			);
			name = "Example for SwiftDataProvider";
			path = SwiftDataProvider;
			sourceTree = "<group>";
		};
		607FACD31AFB9204008FA782 /* Supporting Files */ = {
			isa = PBXGroup;
			children = (
				607FACD41AFB9204008FA782 /* Info.plist */,
			);
			name = "Supporting Files";
			sourceTree = "<group>";
		};
		607FACE81AFB9204008FA782 /* Tests */ = {
			isa = PBXGroup;
			children = (
				607FACE91AFB9204008FA782 /* Supporting Files */,
				5856DD9A21C5D19C001F8943 /* StringsTest.swift */,
			);
			path = Tests;
			sourceTree = "<group>";
		};
		607FACE91AFB9204008FA782 /* Supporting Files */ = {
			isa = PBXGroup;
			children = (
				607FACEA1AFB9204008FA782 /* Info.plist */,
			);
			name = "Supporting Files";
			sourceTree = "<group>";
		};
		607FACF51AFB993E008FA782 /* Podspec Metadata */ = {
			isa = PBXGroup;
			children = (
				3C78A78B2C1D2C0AED93CFA4 /* SwiftDataProvider.podspec */,
				F88D40FD28C37C6511254E2F /* README.md */,
				5842F6B621A0510C00DA1A49 /* CHANGELOG.md */,
				C29BB8523675FBB6459D8759 /* LICENSE */,
			);
			name = "Podspec Metadata";
			sourceTree = "<group>";
		};
		FF9B05EF33E045C3B439BC08 /* Pods */ = {
			isa = PBXGroup;
			children = (
				4A02E11C0DD536E1875ABAC2 /* Pods-SwiftDataProvider_Example.debug.xcconfig */,
				140C5911A76A4C08BE5C9321 /* Pods-SwiftDataProvider_Example.release.xcconfig */,
				F494331C8BE1B7B7DD84EF92 /* Pods-LoginExample.debug.xcconfig */,
				A40033DC16AD8D6FCCE815E4 /* Pods-LoginExample.release.xcconfig */,
				D27B897FB6DBBFDF3C2AE6E5 /* Pods-SelectTimeExample.debug.xcconfig */,
				EE81B9384567ED293723CE6F /* Pods-SelectTimeExample.release.xcconfig */,
				E2D2D8C29B71D1A2160C516E /* Pods-SwiftDataProvider_Tests.debug.xcconfig */,
				6A3F8F8242B19347095C43E5 /* Pods-SwiftDataProvider_Tests.release.xcconfig */,
			);
			name = Pods;
			sourceTree = "<group>";
		};
/* End PBXGroup section */

/* Begin PBXNativeTarget section */
		5842F688219CCA3000DA1A49 /* SelectTimeExample */ = {
			isa = PBXNativeTarget;
			buildConfigurationList = 5842F698219CCA3200DA1A49 /* Build configuration list for PBXNativeTarget "SelectTimeExample" */;
			buildPhases = (
				EBDF30122AF31BA049C05256 /* [CP] Check Pods Manifest.lock */,
				5842F685219CCA3000DA1A49 /* Sources */,
				5842F686219CCA3000DA1A49 /* Frameworks */,
				5842F687219CCA3000DA1A49 /* Resources */,
				2278A19D3235643A11718DE3 /* [CP] Embed Pods Frameworks */,
			);
			buildRules = (
			);
			dependencies = (
			);
			name = SelectTimeExample;
			productName = SelectTimeExample;
			productReference = 5842F689219CCA3000DA1A49 /* SelectTimeExample.app */;
			productType = "com.apple.product-type.application";
		};
		58EFDD262197486C00FDA3D1 /* LoginExample */ = {
			isa = PBXNativeTarget;
			buildConfigurationList = 58EFDD552197487100FDA3D1 /* Build configuration list for PBXNativeTarget "LoginExample" */;
			buildPhases = (
				E238E6D43EDA79D6760CB981 /* [CP] Check Pods Manifest.lock */,
				58EFDD232197486C00FDA3D1 /* Sources */,
				58EFDD242197486C00FDA3D1 /* Frameworks */,
				58EFDD252197486C00FDA3D1 /* Resources */,
				5A36C325466AC0B963BF2BC8 /* [CP] Embed Pods Frameworks */,
			);
			buildRules = (
			);
			dependencies = (
			);
			name = LoginExample;
			productName = LoginExample;
			productReference = 58EFDD272197486C00FDA3D1 /* LoginExample.app */;
			productType = "com.apple.product-type.application";
		};
		607FACCF1AFB9204008FA782 /* SwiftDataProvider_Example */ = {
			isa = PBXNativeTarget;
			buildConfigurationList = 607FACEF1AFB9204008FA782 /* Build configuration list for PBXNativeTarget "SwiftDataProvider_Example" */;
			buildPhases = (
				4FC09622A9F337C80CF2E34D /* [CP] Check Pods Manifest.lock */,
				607FACCC1AFB9204008FA782 /* Sources */,
				607FACCD1AFB9204008FA782 /* Frameworks */,
				607FACCE1AFB9204008FA782 /* Resources */,
				D2641C0A1F88533BA959233F /* [CP] Embed Pods Frameworks */,
			);
			buildRules = (
			);
			dependencies = (
			);
			name = SwiftDataProvider_Example;
			productName = SwiftDataProvider;
			productReference = 607FACD01AFB9204008FA782 /* SwiftDataProvider_Example.app */;
			productType = "com.apple.product-type.application";
		};
		607FACE41AFB9204008FA782 /* SwiftDataProvider_Tests */ = {
			isa = PBXNativeTarget;
			buildConfigurationList = 607FACF21AFB9204008FA782 /* Build configuration list for PBXNativeTarget "SwiftDataProvider_Tests" */;
			buildPhases = (
				AB56F73CC269363413B10C3B /* [CP] Check Pods Manifest.lock */,
				607FACE11AFB9204008FA782 /* Sources */,
				607FACE21AFB9204008FA782 /* Frameworks */,
				607FACE31AFB9204008FA782 /* Resources */,
				66BDF4FEA2857DEC3A8BD4C6 /* [CP] Embed Pods Frameworks */,
			);
			buildRules = (
			);
			dependencies = (
				607FACE71AFB9204008FA782 /* PBXTargetDependency */,
			);
			name = SwiftDataProvider_Tests;
			productName = Tests;
			productReference = 607FACE51AFB9204008FA782 /* SwiftDataProvider_Tests.xctest */;
			productType = "com.apple.product-type.bundle.unit-test";
		};
/* End PBXNativeTarget section */

/* Begin PBXProject section */
		607FACC81AFB9204008FA782 /* Project object */ = {
			isa = PBXProject;
			attributes = {
				LastSwiftUpdateCheck = 1000;
				LastUpgradeCheck = 0830;
				ORGANIZATIONNAME = CocoaPods;
				TargetAttributes = {
					5842F688219CCA3000DA1A49 = {
						CreatedOnToolsVersion = 10.0;
						DevelopmentTeam = ZZ3RP82Z38;
						ProvisioningStyle = Automatic;
					};
					58EFDD262197486C00FDA3D1 = {
						CreatedOnToolsVersion = 10.0;
						DevelopmentTeam = ZZ3RP82Z38;
						ProvisioningStyle = Automatic;
					};
					607FACCF1AFB9204008FA782 = {
						CreatedOnToolsVersion = 6.3.1;
						DevelopmentTeam = 2VRS2XZ87M;
						LastSwiftMigration = 0900;
					};
					607FACE41AFB9204008FA782 = {
						CreatedOnToolsVersion = 6.3.1;
						DevelopmentTeam = ZZ3RP82Z38;
						LastSwiftMigration = 0900;
						TestTargetID = 607FACCF1AFB9204008FA782;
					};
				};
			};
			buildConfigurationList = 607FACCB1AFB9204008FA782 /* Build configuration list for PBXProject "SwiftDataProvider" */;
			compatibilityVersion = "Xcode 3.2";
			developmentRegion = English;
			hasScannedForEncodings = 0;
			knownRegions = (
				English,
				en,
				Base,
			);
			mainGroup = 607FACC71AFB9204008FA782;
			productRefGroup = 607FACD11AFB9204008FA782 /* Products */;
			projectDirPath = "";
			projectRoot = "";
			targets = (
				607FACCF1AFB9204008FA782 /* SwiftDataProvider_Example */,
				607FACE41AFB9204008FA782 /* SwiftDataProvider_Tests */,
				58EFDD262197486C00FDA3D1 /* LoginExample */,
				5842F688219CCA3000DA1A49 /* SelectTimeExample */,
			);
		};
/* End PBXProject section */

/* Begin PBXResourcesBuildPhase section */
		5842F687219CCA3000DA1A49 /* Resources */ = {
			isa = PBXResourcesBuildPhase;
			buildActionMask = 2147483647;
			files = (
				5842F696219CCA3200DA1A49 /* LaunchScreen.storyboard in Resources */,
				5842F693219CCA3200DA1A49 /* Assets.xcassets in Resources */,
				5842F69C219CCC0F00DA1A49 /* DateSelectionCell.xib in Resources */,
				5842F691219CCA3000DA1A49 /* Main.storyboard in Resources */,
			);
			runOnlyForDeploymentPostprocessing = 0;
		};
		58EFDD252197486C00FDA3D1 /* Resources */ = {
			isa = PBXResourcesBuildPhase;
			buildActionMask = 2147483647;
			files = (
				5842F65B2197863B00DA1A49 /* FooterView.xib in Resources */,
				5842F62F2197812E00DA1A49 /* Icon.png in Resources */,
				58EFDD372197487000FDA3D1 /* LaunchScreen.storyboard in Resources */,
				5842F62D219780C300DA1A49 /* HeaderView.xib in Resources */,
				5842F62B21977C3500DA1A49 /* TextEnterCell.xib in Resources */,
				58EFDD342197487000FDA3D1 /* Assets.xcassets in Resources */,
				58EFDD2F2197486C00FDA3D1 /* Main.storyboard in Resources */,
			);
			runOnlyForDeploymentPostprocessing = 0;
		};
		607FACCE1AFB9204008FA782 /* Resources */ = {
			isa = PBXResourcesBuildPhase;
			buildActionMask = 2147483647;
			files = (
				607FACDB1AFB9204008FA782 /* Main.storyboard in Resources */,
				607FACE01AFB9204008FA782 /* LaunchScreen.xib in Resources */,
				607FACDD1AFB9204008FA782 /* Images.xcassets in Resources */,
				5864D8DF21971F9500FE2371 /* HeaderView.xib in Resources */,
			);
			runOnlyForDeploymentPostprocessing = 0;
		};
		607FACE31AFB9204008FA782 /* Resources */ = {
			isa = PBXResourcesBuildPhase;
			buildActionMask = 2147483647;
			files = (
			);
			runOnlyForDeploymentPostprocessing = 0;
		};
/* End PBXResourcesBuildPhase section */

/* Begin PBXShellScriptBuildPhase section */
		2278A19D3235643A11718DE3 /* [CP] Embed Pods Frameworks */ = {
			isa = PBXShellScriptBuildPhase;
			buildActionMask = 2147483647;
			files = (
			);
			inputPaths = (
				"${PODS_ROOT}/Target Support Files/Pods-SelectTimeExample/Pods-SelectTimeExample-frameworks.sh",
				"${BUILT_PRODUCTS_DIR}/SwiftDataProvider/SwiftDataProvider.framework",
			);
			name = "[CP] Embed Pods Frameworks";
			outputPaths = (
				"${TARGET_BUILD_DIR}/${FRAMEWORKS_FOLDER_PATH}/SwiftDataProvider.framework",
			);
			runOnlyForDeploymentPostprocessing = 0;
			shellPath = /bin/sh;
			shellScript = "\"${PODS_ROOT}/Target Support Files/Pods-SelectTimeExample/Pods-SelectTimeExample-frameworks.sh\"\n";
			showEnvVarsInLog = 0;
		};
		4FC09622A9F337C80CF2E34D /* [CP] Check Pods Manifest.lock */ = {
			isa = PBXShellScriptBuildPhase;
			buildActionMask = 2147483647;
			files = (
			);
			inputPaths = (
				"${PODS_PODFILE_DIR_PATH}/Podfile.lock",
				"${PODS_ROOT}/Manifest.lock",
			);
			name = "[CP] Check Pods Manifest.lock";
			outputPaths = (
				"$(DERIVED_FILE_DIR)/Pods-SwiftDataProvider_Example-checkManifestLockResult.txt",
			);
			runOnlyForDeploymentPostprocessing = 0;
			shellPath = /bin/sh;
			shellScript = "diff \"${PODS_PODFILE_DIR_PATH}/Podfile.lock\" \"${PODS_ROOT}/Manifest.lock\" > /dev/null\nif [ $? != 0 ] ; then\n    # print error to STDERR\n    echo \"error: The sandbox is not in sync with the Podfile.lock. Run 'pod install' or update your CocoaPods installation.\" >&2\n    exit 1\nfi\n# This output is used by Xcode 'outputs' to avoid re-running this script phase.\necho \"SUCCESS\" > \"${SCRIPT_OUTPUT_FILE_0}\"\n";
			showEnvVarsInLog = 0;
		};
		5A36C325466AC0B963BF2BC8 /* [CP] Embed Pods Frameworks */ = {
			isa = PBXShellScriptBuildPhase;
			buildActionMask = 2147483647;
			files = (
			);
			inputPaths = (
				"${PODS_ROOT}/Target Support Files/Pods-LoginExample/Pods-LoginExample-frameworks.sh",
				"${BUILT_PRODUCTS_DIR}/SwiftDataProvider/SwiftDataProvider.framework",
			);
			name = "[CP] Embed Pods Frameworks";
			outputPaths = (
				"${TARGET_BUILD_DIR}/${FRAMEWORKS_FOLDER_PATH}/SwiftDataProvider.framework",
			);
			runOnlyForDeploymentPostprocessing = 0;
			shellPath = /bin/sh;
			shellScript = "\"${PODS_ROOT}/Target Support Files/Pods-LoginExample/Pods-LoginExample-frameworks.sh\"\n";
			showEnvVarsInLog = 0;
		};
		66BDF4FEA2857DEC3A8BD4C6 /* [CP] Embed Pods Frameworks */ = {
			isa = PBXShellScriptBuildPhase;
			buildActionMask = 2147483647;
			files = (
			);
			inputPaths = (
				"${PODS_ROOT}/Target Support Files/Pods-SwiftDataProvider_Tests/Pods-SwiftDataProvider_Tests-frameworks.sh",
				"${BUILT_PRODUCTS_DIR}/SwiftDataProvider/SwiftDataProvider.framework",
			);
			name = "[CP] Embed Pods Frameworks";
			outputPaths = (
				"${TARGET_BUILD_DIR}/${FRAMEWORKS_FOLDER_PATH}/SwiftDataProvider.framework",
			);
			runOnlyForDeploymentPostprocessing = 0;
			shellPath = /bin/sh;
			shellScript = "\"${PODS_ROOT}/Target Support Files/Pods-SwiftDataProvider_Tests/Pods-SwiftDataProvider_Tests-frameworks.sh\"\n";
			showEnvVarsInLog = 0;
		};
		AB56F73CC269363413B10C3B /* [CP] Check Pods Manifest.lock */ = {
			isa = PBXShellScriptBuildPhase;
			buildActionMask = 2147483647;
			files = (
			);
			inputPaths = (
				"${PODS_PODFILE_DIR_PATH}/Podfile.lock",
				"${PODS_ROOT}/Manifest.lock",
			);
			name = "[CP] Check Pods Manifest.lock";
			outputPaths = (
				"$(DERIVED_FILE_DIR)/Pods-SwiftDataProvider_Tests-checkManifestLockResult.txt",
			);
			runOnlyForDeploymentPostprocessing = 0;
			shellPath = /bin/sh;
			shellScript = "diff \"${PODS_PODFILE_DIR_PATH}/Podfile.lock\" \"${PODS_ROOT}/Manifest.lock\" > /dev/null\nif [ $? != 0 ] ; then\n    # print error to STDERR\n    echo \"error: The sandbox is not in sync with the Podfile.lock. Run 'pod install' or update your CocoaPods installation.\" >&2\n    exit 1\nfi\n# This output is used by Xcode 'outputs' to avoid re-running this script phase.\necho \"SUCCESS\" > \"${SCRIPT_OUTPUT_FILE_0}\"\n";
			showEnvVarsInLog = 0;
		};
		D2641C0A1F88533BA959233F /* [CP] Embed Pods Frameworks */ = {
			isa = PBXShellScriptBuildPhase;
			buildActionMask = 2147483647;
			files = (
			);
			inputPaths = (
				"${PODS_ROOT}/Target Support Files/Pods-SwiftDataProvider_Example/Pods-SwiftDataProvider_Example-frameworks.sh",
				"${BUILT_PRODUCTS_DIR}/SwiftDataProvider/SwiftDataProvider.framework",
			);
			name = "[CP] Embed Pods Frameworks";
			outputPaths = (
				"${TARGET_BUILD_DIR}/${FRAMEWORKS_FOLDER_PATH}/SwiftDataProvider.framework",
			);
			runOnlyForDeploymentPostprocessing = 0;
			shellPath = /bin/sh;
			shellScript = "\"${PODS_ROOT}/Target Support Files/Pods-SwiftDataProvider_Example/Pods-SwiftDataProvider_Example-frameworks.sh\"\n";
			showEnvVarsInLog = 0;
		};
		E238E6D43EDA79D6760CB981 /* [CP] Check Pods Manifest.lock */ = {
			isa = PBXShellScriptBuildPhase;
			buildActionMask = 2147483647;
			files = (
			);
			inputPaths = (
				"${PODS_PODFILE_DIR_PATH}/Podfile.lock",
				"${PODS_ROOT}/Manifest.lock",
			);
			name = "[CP] Check Pods Manifest.lock";
			outputPaths = (
				"$(DERIVED_FILE_DIR)/Pods-LoginExample-checkManifestLockResult.txt",
			);
			runOnlyForDeploymentPostprocessing = 0;
			shellPath = /bin/sh;
			shellScript = "diff \"${PODS_PODFILE_DIR_PATH}/Podfile.lock\" \"${PODS_ROOT}/Manifest.lock\" > /dev/null\nif [ $? != 0 ] ; then\n    # print error to STDERR\n    echo \"error: The sandbox is not in sync with the Podfile.lock. Run 'pod install' or update your CocoaPods installation.\" >&2\n    exit 1\nfi\n# This output is used by Xcode 'outputs' to avoid re-running this script phase.\necho \"SUCCESS\" > \"${SCRIPT_OUTPUT_FILE_0}\"\n";
			showEnvVarsInLog = 0;
		};
		EBDF30122AF31BA049C05256 /* [CP] Check Pods Manifest.lock */ = {
			isa = PBXShellScriptBuildPhase;
			buildActionMask = 2147483647;
			files = (
			);
			inputPaths = (
				"${PODS_PODFILE_DIR_PATH}/Podfile.lock",
				"${PODS_ROOT}/Manifest.lock",
			);
			name = "[CP] Check Pods Manifest.lock";
			outputPaths = (
				"$(DERIVED_FILE_DIR)/Pods-SelectTimeExample-checkManifestLockResult.txt",
			);
			runOnlyForDeploymentPostprocessing = 0;
			shellPath = /bin/sh;
			shellScript = "diff \"${PODS_PODFILE_DIR_PATH}/Podfile.lock\" \"${PODS_ROOT}/Manifest.lock\" > /dev/null\nif [ $? != 0 ] ; then\n    # print error to STDERR\n    echo \"error: The sandbox is not in sync with the Podfile.lock. Run 'pod install' or update your CocoaPods installation.\" >&2\n    exit 1\nfi\n# This output is used by Xcode 'outputs' to avoid re-running this script phase.\necho \"SUCCESS\" > \"${SCRIPT_OUTPUT_FILE_0}\"\n";
			showEnvVarsInLog = 0;
		};
/* End PBXShellScriptBuildPhase section */

/* Begin PBXSourcesBuildPhase section */
		5842F685219CCA3000DA1A49 /* Sources */ = {
			isa = PBXSourcesBuildPhase;
			buildActionMask = 2147483647;
			files = (
				5842F6A1219CCFC800DA1A49 /* ViewModel.swift in Sources */,
				5842F68E219CCA3000DA1A49 /* ViewController.swift in Sources */,
				5842F69E219CCC1C00DA1A49 /* DateSelectionCell.swift in Sources */,
				5842F68C219CCA3000DA1A49 /* AppDelegate.swift in Sources */,
				5842F69F219CCC3800DA1A49 /* XibLoadable.swift in Sources */,
			);
			runOnlyForDeploymentPostprocessing = 0;
		};
		58EFDD232197486C00FDA3D1 /* Sources */ = {
			isa = PBXSourcesBuildPhase;
			buildActionMask = 2147483647;
			files = (
				5842F6292197753000DA1A49 /* ViewModel.swift in Sources */,
				5842F65C2197863B00DA1A49 /* FooterView.swift in Sources */,
				5842F6582197826E00DA1A49 /* HeaderView.swift in Sources */,
				58EFDD58219748EC00FDA3D1 /* XibLoadable.swift in Sources */,
				58EFDD5A219749C700FDA3D1 /* TextEnterCell.swift in Sources */,
				58EFDD2C2197486C00FDA3D1 /* ViewController.swift in Sources */,
				58EFDD2A2197486C00FDA3D1 /* AppDelegate.swift in Sources */,
			);
			runOnlyForDeploymentPostprocessing = 0;
		};
		607FACCC1AFB9204008FA782 /* Sources */ = {
			isa = PBXSourcesBuildPhase;
			buildActionMask = 2147483647;
			files = (
				58FD7707217E689000CF4B3B /* TestCell.swift in Sources */,
				58FD7708217E689000CF4B3B /* ViewController.swift in Sources */,
				607FACD61AFB9204008FA782 /* AppDelegate.swift in Sources */,
				5864D8E12197284F00FE2371 /* XibLoadable.swift in Sources */,
				58FD770A217E689000CF4B3B /* ViewModel.swift in Sources */,
				58FD7709217E689000CF4B3B /* Models.swift in Sources */,
			);
			runOnlyForDeploymentPostprocessing = 0;
		};
		607FACE11AFB9204008FA782 /* Sources */ = {
			isa = PBXSourcesBuildPhase;
			buildActionMask = 2147483647;
			files = (
				5856DD9B21C5D19C001F8943 /* StringsTest.swift in Sources */,
			);
			runOnlyForDeploymentPostprocessing = 0;
		};
/* End PBXSourcesBuildPhase section */

/* Begin PBXTargetDependency section */
		607FACE71AFB9204008FA782 /* PBXTargetDependency */ = {
			isa = PBXTargetDependency;
			target = 607FACCF1AFB9204008FA782 /* SwiftDataProvider_Example */;
			targetProxy = 607FACE61AFB9204008FA782 /* PBXContainerItemProxy */;
		};
/* End PBXTargetDependency section */

/* Begin PBXVariantGroup section */
		5842F68F219CCA3000DA1A49 /* Main.storyboard */ = {
			isa = PBXVariantGroup;
			children = (
				5842F690219CCA3000DA1A49 /* Base */,
			);
			name = Main.storyboard;
			sourceTree = "<group>";
		};
		5842F694219CCA3200DA1A49 /* LaunchScreen.storyboard */ = {
			isa = PBXVariantGroup;
			children = (
				5842F695219CCA3200DA1A49 /* Base */,
			);
			name = LaunchScreen.storyboard;
			sourceTree = "<group>";
		};
		58EFDD2D2197486C00FDA3D1 /* Main.storyboard */ = {
			isa = PBXVariantGroup;
			children = (
				58EFDD2E2197486C00FDA3D1 /* Base */,
			);
			name = Main.storyboard;
			sourceTree = "<group>";
		};
		58EFDD352197487000FDA3D1 /* LaunchScreen.storyboard */ = {
			isa = PBXVariantGroup;
			children = (
				58EFDD362197487000FDA3D1 /* Base */,
			);
			name = LaunchScreen.storyboard;
			sourceTree = "<group>";
		};
		607FACD91AFB9204008FA782 /* Main.storyboard */ = {
			isa = PBXVariantGroup;
			children = (
				607FACDA1AFB9204008FA782 /* Base */,
			);
			name = Main.storyboard;
			sourceTree = "<group>";
		};
		607FACDE1AFB9204008FA782 /* LaunchScreen.xib */ = {
			isa = PBXVariantGroup;
			children = (
				607FACDF1AFB9204008FA782 /* Base */,
			);
			name = LaunchScreen.xib;
			sourceTree = "<group>";
		};
/* End PBXVariantGroup section */

/* Begin XCBuildConfiguration section */
		5842F699219CCA3200DA1A49 /* Debug */ = {
			isa = XCBuildConfiguration;
			baseConfigurationReference = D27B897FB6DBBFDF3C2AE6E5 /* Pods-SelectTimeExample.debug.xcconfig */;
			buildSettings = {
				ASSETCATALOG_COMPILER_APPICON_NAME = AppIcon;
				CLANG_ANALYZER_NONNULL = YES;
				CLANG_ANALYZER_NUMBER_OBJECT_CONVERSION = YES_AGGRESSIVE;
				CLANG_CXX_LANGUAGE_STANDARD = "gnu++14";
				CLANG_ENABLE_OBJC_WEAK = YES;
				CLANG_WARN_DEPRECATED_OBJC_IMPLEMENTATIONS = YES;
				CLANG_WARN_DOCUMENTATION_COMMENTS = YES;
				CLANG_WARN_OBJC_IMPLICIT_RETAIN_SELF = YES;
				CLANG_WARN_UNGUARDED_AVAILABILITY = YES_AGGRESSIVE;
				CODE_SIGN_IDENTITY = "iPhone Developer";
				CODE_SIGN_STYLE = Automatic;
				DEBUG_INFORMATION_FORMAT = dwarf;
				DEVELOPMENT_TEAM = ZZ3RP82Z38;
				GCC_C_LANGUAGE_STANDARD = gnu11;
				INFOPLIST_FILE = SelectTimeExample/Info.plist;
				IPHONEOS_DEPLOYMENT_TARGET = 12.0;
				LD_RUNPATH_SEARCH_PATHS = "$(inherited) @executable_path/Frameworks";
				MTL_ENABLE_DEBUG_INFO = INCLUDE_SOURCE;
				MTL_FAST_MATH = YES;
				PRODUCT_BUNDLE_IDENTIFIER = "com.emart-software.SelectTimeExample";
				PRODUCT_NAME = "$(TARGET_NAME)";
				SWIFT_ACTIVE_COMPILATION_CONDITIONS = DEBUG;
				SWIFT_VERSION = 4.2;
				TARGETED_DEVICE_FAMILY = "1,2";
			};
			name = Debug;
		};
		5842F69A219CCA3200DA1A49 /* Release */ = {
			isa = XCBuildConfiguration;
			baseConfigurationReference = EE81B9384567ED293723CE6F /* Pods-SelectTimeExample.release.xcconfig */;
			buildSettings = {
				ASSETCATALOG_COMPILER_APPICON_NAME = AppIcon;
				CLANG_ANALYZER_NONNULL = YES;
				CLANG_ANALYZER_NUMBER_OBJECT_CONVERSION = YES_AGGRESSIVE;
				CLANG_CXX_LANGUAGE_STANDARD = "gnu++14";
				CLANG_ENABLE_OBJC_WEAK = YES;
				CLANG_WARN_DEPRECATED_OBJC_IMPLEMENTATIONS = YES;
				CLANG_WARN_DOCUMENTATION_COMMENTS = YES;
				CLANG_WARN_OBJC_IMPLICIT_RETAIN_SELF = YES;
				CLANG_WARN_UNGUARDED_AVAILABILITY = YES_AGGRESSIVE;
				CODE_SIGN_IDENTITY = "iPhone Developer";
				CODE_SIGN_STYLE = Automatic;
				DEVELOPMENT_TEAM = ZZ3RP82Z38;
				GCC_C_LANGUAGE_STANDARD = gnu11;
				INFOPLIST_FILE = SelectTimeExample/Info.plist;
				IPHONEOS_DEPLOYMENT_TARGET = 12.0;
				LD_RUNPATH_SEARCH_PATHS = "$(inherited) @executable_path/Frameworks";
				MTL_FAST_MATH = YES;
				PRODUCT_BUNDLE_IDENTIFIER = "com.emart-software.SelectTimeExample";
				PRODUCT_NAME = "$(TARGET_NAME)";
				SWIFT_VERSION = 4.2;
				TARGETED_DEVICE_FAMILY = "1,2";
			};
			name = Release;
		};
		58EFDD4F2197487100FDA3D1 /* Debug */ = {
			isa = XCBuildConfiguration;
			baseConfigurationReference = F494331C8BE1B7B7DD84EF92 /* Pods-LoginExample.debug.xcconfig */;
			buildSettings = {
				ASSETCATALOG_COMPILER_APPICON_NAME = AppIcon;
				CLANG_ANALYZER_NONNULL = YES;
				CLANG_ANALYZER_NUMBER_OBJECT_CONVERSION = YES_AGGRESSIVE;
				CLANG_CXX_LANGUAGE_STANDARD = "gnu++14";
				CLANG_ENABLE_OBJC_WEAK = YES;
				CLANG_WARN_DEPRECATED_OBJC_IMPLEMENTATIONS = YES;
				CLANG_WARN_DOCUMENTATION_COMMENTS = YES;
				CLANG_WARN_OBJC_IMPLICIT_RETAIN_SELF = YES;
				CLANG_WARN_UNGUARDED_AVAILABILITY = YES_AGGRESSIVE;
				CODE_SIGN_IDENTITY = "iPhone Developer";
				CODE_SIGN_STYLE = Automatic;
				DEBUG_INFORMATION_FORMAT = dwarf;
				DEVELOPMENT_TEAM = ZZ3RP82Z38;
				GCC_C_LANGUAGE_STANDARD = gnu11;
				INFOPLIST_FILE = LoginExample/Info.plist;
				IPHONEOS_DEPLOYMENT_TARGET = 12.0;
				LD_RUNPATH_SEARCH_PATHS = "$(inherited) @executable_path/Frameworks";
				MTL_ENABLE_DEBUG_INFO = INCLUDE_SOURCE;
				MTL_FAST_MATH = YES;
				PRODUCT_BUNDLE_IDENTIFIER = "com.emart-software.LoginExample";
				PRODUCT_NAME = "$(TARGET_NAME)";
				SWIFT_ACTIVE_COMPILATION_CONDITIONS = DEBUG;
				SWIFT_VERSION = 4.2;
				TARGETED_DEVICE_FAMILY = "1,2";
			};
			name = Debug;
		};
		58EFDD502197487100FDA3D1 /* Release */ = {
			isa = XCBuildConfiguration;
			baseConfigurationReference = A40033DC16AD8D6FCCE815E4 /* Pods-LoginExample.release.xcconfig */;
			buildSettings = {
				ASSETCATALOG_COMPILER_APPICON_NAME = AppIcon;
				CLANG_ANALYZER_NONNULL = YES;
				CLANG_ANALYZER_NUMBER_OBJECT_CONVERSION = YES_AGGRESSIVE;
				CLANG_CXX_LANGUAGE_STANDARD = "gnu++14";
				CLANG_ENABLE_OBJC_WEAK = YES;
				CLANG_WARN_DEPRECATED_OBJC_IMPLEMENTATIONS = YES;
				CLANG_WARN_DOCUMENTATION_COMMENTS = YES;
				CLANG_WARN_OBJC_IMPLICIT_RETAIN_SELF = YES;
				CLANG_WARN_UNGUARDED_AVAILABILITY = YES_AGGRESSIVE;
				CODE_SIGN_IDENTITY = "iPhone Developer";
				CODE_SIGN_STYLE = Automatic;
				DEVELOPMENT_TEAM = ZZ3RP82Z38;
				GCC_C_LANGUAGE_STANDARD = gnu11;
				INFOPLIST_FILE = LoginExample/Info.plist;
				IPHONEOS_DEPLOYMENT_TARGET = 12.0;
				LD_RUNPATH_SEARCH_PATHS = "$(inherited) @executable_path/Frameworks";
				MTL_FAST_MATH = YES;
				PRODUCT_BUNDLE_IDENTIFIER = "com.emart-software.LoginExample";
				PRODUCT_NAME = "$(TARGET_NAME)";
				SWIFT_VERSION = 4.2;
				TARGETED_DEVICE_FAMILY = "1,2";
			};
			name = Release;
		};
		607FACED1AFB9204008FA782 /* Debug */ = {
			isa = XCBuildConfiguration;
			buildSettings = {
				ALWAYS_SEARCH_USER_PATHS = NO;
				CLANG_CXX_LANGUAGE_STANDARD = "compiler-default";
				CLANG_CXX_LIBRARY = "libc++";
				CLANG_ENABLE_MODULES = YES;
				CLANG_ENABLE_OBJC_ARC = YES;
				CLANG_WARN_BLOCK_CAPTURE_AUTORELEASING = YES;
				CLANG_WARN_BOOL_CONVERSION = YES;
				CLANG_WARN_COMMA = YES;
				CLANG_WARN_CONSTANT_CONVERSION = YES;
				CLANG_WARN_DIRECT_OBJC_ISA_USAGE = YES_ERROR;
				CLANG_WARN_EMPTY_BODY = YES;
				CLANG_WARN_ENUM_CONVERSION = YES;
				CLANG_WARN_INFINITE_RECURSION = YES;
				CLANG_WARN_INT_CONVERSION = YES;
				CLANG_WARN_NON_LITERAL_NULL_CONVERSION = YES;
				CLANG_WARN_OBJC_LITERAL_CONVERSION = YES;
				CLANG_WARN_OBJC_ROOT_CLASS = YES_ERROR;
				CLANG_WARN_RANGE_LOOP_ANALYSIS = YES;
				CLANG_WARN_STRICT_PROTOTYPES = YES;
				CLANG_WARN_SUSPICIOUS_MOVE = YES;
				CLANG_WARN_UNREACHABLE_CODE = YES;
				CLANG_WARN__DUPLICATE_METHOD_MATCH = YES;
				"CODE_SIGN_IDENTITY[sdk=iphoneos*]" = "iPhone Developer";
				COPY_PHASE_STRIP = NO;
				DEBUG_INFORMATION_FORMAT = "dwarf-with-dsym";
				ENABLE_STRICT_OBJC_MSGSEND = YES;
				ENABLE_TESTABILITY = YES;
				GCC_C_LANGUAGE_STANDARD = "compiler-default";
				GCC_DYNAMIC_NO_PIC = NO;
				GCC_NO_COMMON_BLOCKS = YES;
				GCC_OPTIMIZATION_LEVEL = 0;
				GCC_PREPROCESSOR_DEFINITIONS = (
					"DEBUG=1",
					"$(inherited)",
				);
				GCC_SYMBOLS_PRIVATE_EXTERN = NO;
				GCC_WARN_64_TO_32_BIT_CONVERSION = YES;
				GCC_WARN_ABOUT_RETURN_TYPE = YES_ERROR;
				GCC_WARN_UNDECLARED_SELECTOR = YES;
				GCC_WARN_UNINITIALIZED_AUTOS = YES_AGGRESSIVE;
				GCC_WARN_UNUSED_FUNCTION = YES;
				GCC_WARN_UNUSED_VARIABLE = YES;
				IPHONEOS_DEPLOYMENT_TARGET = 12.0;
				MACOSX_DEPLOYMENT_TARGET = 14.0;
				MTL_ENABLE_DEBUG_INFO = YES;
				ONLY_ACTIVE_ARCH = YES;
				SDKROOT = iphoneos;
				SWIFT_OPTIMIZATION_LEVEL = "-Onone";
				TVOS_DEPLOYMENT_TARGET = 17.0;
				WATCHOS_DEPLOYMENT_TARGET = 10.0;
			};
			name = Debug;
		};
		607FACEE1AFB9204008FA782 /* Release */ = {
			isa = XCBuildConfiguration;
			buildSettings = {
				ALWAYS_SEARCH_USER_PATHS = NO;
				CLANG_CXX_LANGUAGE_STANDARD = "compiler-default";
				CLANG_CXX_LIBRARY = "libc++";
				CLANG_ENABLE_MODULES = YES;
				CLANG_ENABLE_OBJC_ARC = YES;
				CLANG_WARN_BLOCK_CAPTURE_AUTORELEASING = YES;
				CLANG_WARN_BOOL_CONVERSION = YES;
				CLANG_WARN_COMMA = YES;
				CLANG_WARN_CONSTANT_CONVERSION = YES;
				CLANG_WARN_DIRECT_OBJC_ISA_USAGE = YES_ERROR;
				CLANG_WARN_EMPTY_BODY = YES;
				CLANG_WARN_ENUM_CONVERSION = YES;
				CLANG_WARN_INFINITE_RECURSION = YES;
				CLANG_WARN_INT_CONVERSION = YES;
				CLANG_WARN_NON_LITERAL_NULL_CONVERSION = YES;
				CLANG_WARN_OBJC_LITERAL_CONVERSION = YES;
				CLANG_WARN_OBJC_ROOT_CLASS = YES_ERROR;
				CLANG_WARN_RANGE_LOOP_ANALYSIS = YES;
				CLANG_WARN_STRICT_PROTOTYPES = YES;
				CLANG_WARN_SUSPICIOUS_MOVE = YES;
				CLANG_WARN_UNREACHABLE_CODE = YES;
				CLANG_WARN__DUPLICATE_METHOD_MATCH = YES;
				"CODE_SIGN_IDENTITY[sdk=iphoneos*]" = "iPhone Developer";
				COPY_PHASE_STRIP = NO;
				DEBUG_INFORMATION_FORMAT = "dwarf-with-dsym";
				ENABLE_NS_ASSERTIONS = NO;
				ENABLE_STRICT_OBJC_MSGSEND = YES;
				GCC_C_LANGUAGE_STANDARD = "compiler-default";
				GCC_NO_COMMON_BLOCKS = YES;
				GCC_WARN_64_TO_32_BIT_CONVERSION = YES;
				GCC_WARN_ABOUT_RETURN_TYPE = YES_ERROR;
				GCC_WARN_UNDECLARED_SELECTOR = YES;
				GCC_WARN_UNINITIALIZED_AUTOS = YES_AGGRESSIVE;
				GCC_WARN_UNUSED_FUNCTION = YES;
				GCC_WARN_UNUSED_VARIABLE = YES;
				IPHONEOS_DEPLOYMENT_TARGET = 12.0;
				MACOSX_DEPLOYMENT_TARGET = 14.0;
				MTL_ENABLE_DEBUG_INFO = NO;
				SDKROOT = iphoneos;
				SWIFT_OPTIMIZATION_LEVEL = "-Owholemodule";
				TVOS_DEPLOYMENT_TARGET = 17.0;
				VALIDATE_PRODUCT = YES;
				WATCHOS_DEPLOYMENT_TARGET = 10.0;
			};
			name = Release;
		};
		607FACF01AFB9204008FA782 /* Debug */ = {
			isa = XCBuildConfiguration;
			baseConfigurationReference = 4A02E11C0DD536E1875ABAC2 /* Pods-SwiftDataProvider_Example.debug.xcconfig */;
			buildSettings = {
				ASSETCATALOG_COMPILER_APPICON_NAME = AppIcon;
				DEVELOPMENT_TEAM = 2VRS2XZ87M;
				INFOPLIST_FILE = SwiftDataProvider/Info.plist;
				IPHONEOS_DEPLOYMENT_TARGET = 12.0;
				LD_RUNPATH_SEARCH_PATHS = "$(inherited) @executable_path/Frameworks";
				MODULE_NAME = ExampleApp;
				PRODUCT_BUNDLE_IDENTIFIER = "org.cocoapods.demo.$(PRODUCT_NAME:rfc1034identifier)";
				PRODUCT_NAME = "$(TARGET_NAME)";
				SWIFT_SWIFT3_OBJC_INFERENCE = Default;
				SWIFT_VERSION = 4.0;
			};
			name = Debug;
		};
		607FACF11AFB9204008FA782 /* Release */ = {
			isa = XCBuildConfiguration;
			baseConfigurationReference = 140C5911A76A4C08BE5C9321 /* Pods-SwiftDataProvider_Example.release.xcconfig */;
			buildSettings = {
				ASSETCATALOG_COMPILER_APPICON_NAME = AppIcon;
				DEVELOPMENT_TEAM = 2VRS2XZ87M;
				INFOPLIST_FILE = SwiftDataProvider/Info.plist;
				IPHONEOS_DEPLOYMENT_TARGET = 12.0;
				LD_RUNPATH_SEARCH_PATHS = "$(inherited) @executable_path/Frameworks";
				MODULE_NAME = ExampleApp;
				PRODUCT_BUNDLE_IDENTIFIER = "org.cocoapods.demo.$(PRODUCT_NAME:rfc1034identifier)";
				PRODUCT_NAME = "$(TARGET_NAME)";
				SWIFT_SWIFT3_OBJC_INFERENCE = Default;
				SWIFT_VERSION = 4.0;
			};
			name = Release;
		};
		607FACF31AFB9204008FA782 /* Debug */ = {
			isa = XCBuildConfiguration;
			baseConfigurationReference = E2D2D8C29B71D1A2160C516E /* Pods-SwiftDataProvider_Tests.debug.xcconfig */;
			buildSettings = {
				DEVELOPMENT_TEAM = ZZ3RP82Z38;
				FRAMEWORK_SEARCH_PATHS = (
					"$(SDKROOT)/Developer/Library/Frameworks",
					"$(inherited)",
				);
				GCC_PREPROCESSOR_DEFINITIONS = (
					"DEBUG=1",
					"$(inherited)",
				);
				INFOPLIST_FILE = Tests/Info.plist;
				IPHONEOS_DEPLOYMENT_TARGET = 12.0;
				LD_RUNPATH_SEARCH_PATHS = "$(inherited) @executable_path/Frameworks @loader_path/Frameworks";
				PRODUCT_BUNDLE_IDENTIFIER = "org.cocoapods.$(PRODUCT_NAME:rfc1034identifier)";
				PRODUCT_NAME = "$(TARGET_NAME)";
				SWIFT_SWIFT3_OBJC_INFERENCE = Default;
				SWIFT_VERSION = 4.0;
				TEST_HOST = "$(BUILT_PRODUCTS_DIR)/SwiftDataProvider_Example.app/SwiftDataProvider_Example";
			};
			name = Debug;
		};
		607FACF41AFB9204008FA782 /* Release */ = {
			isa = XCBuildConfiguration;
			baseConfigurationReference = 6A3F8F8242B19347095C43E5 /* Pods-SwiftDataProvider_Tests.release.xcconfig */;
			buildSettings = {
				DEVELOPMENT_TEAM = ZZ3RP82Z38;
				FRAMEWORK_SEARCH_PATHS = (
					"$(SDKROOT)/Developer/Library/Frameworks",
					"$(inherited)",
				);
				INFOPLIST_FILE = Tests/Info.plist;
				IPHONEOS_DEPLOYMENT_TARGET = 12.0;
				LD_RUNPATH_SEARCH_PATHS = "$(inherited) @executable_path/Frameworks @loader_path/Frameworks";
				PRODUCT_BUNDLE_IDENTIFIER = "org.cocoapods.$(PRODUCT_NAME:rfc1034identifier)";
				PRODUCT_NAME = "$(TARGET_NAME)";
				SWIFT_SWIFT3_OBJC_INFERENCE = Default;
				SWIFT_VERSION = 4.0;
				TEST_HOST = "$(BUILT_PRODUCTS_DIR)/SwiftDataProvider_Example.app/SwiftDataProvider_Example";
			};
			name = Release;
		};
/* End XCBuildConfiguration section */

/* Begin XCConfigurationList section */
		5842F698219CCA3200DA1A49 /* Build configuration list for PBXNativeTarget "SelectTimeExample" */ = {
			isa = XCConfigurationList;
			buildConfigurations = (
				5842F699219CCA3200DA1A49 /* Debug */,
				5842F69A219CCA3200DA1A49 /* Release */,
			);
			defaultConfigurationIsVisible = 0;
			defaultConfigurationName = Release;
		};
		58EFDD552197487100FDA3D1 /* Build configuration list for PBXNativeTarget "LoginExample" */ = {
			isa = XCConfigurationList;
			buildConfigurations = (
				58EFDD4F2197487100FDA3D1 /* Debug */,
				58EFDD502197487100FDA3D1 /* Release */,
			);
			defaultConfigurationIsVisible = 0;
			defaultConfigurationName = Release;
		};
		607FACCB1AFB9204008FA782 /* Build configuration list for PBXProject "SwiftDataProvider" */ = {
			isa = XCConfigurationList;
			buildConfigurations = (
				607FACED1AFB9204008FA782 /* Debug */,
				607FACEE1AFB9204008FA782 /* Release */,
			);
			defaultConfigurationIsVisible = 0;
			defaultConfigurationName = Release;
		};
		607FACEF1AFB9204008FA782 /* Build configuration list for PBXNativeTarget "SwiftDataProvider_Example" */ = {
			isa = XCConfigurationList;
			buildConfigurations = (
				607FACF01AFB9204008FA782 /* Debug */,
				607FACF11AFB9204008FA782 /* Release */,
			);
			defaultConfigurationIsVisible = 0;
			defaultConfigurationName = Release;
		};
		607FACF21AFB9204008FA782 /* Build configuration list for PBXNativeTarget "SwiftDataProvider_Tests" */ = {
			isa = XCConfigurationList;
			buildConfigurations = (
				607FACF31AFB9204008FA782 /* Debug */,
				607FACF41AFB9204008FA782 /* Release */,
			);
			defaultConfigurationIsVisible = 0;
			defaultConfigurationName = Release;
		};
/* End XCConfigurationList section */
	};
	rootObject = 607FACC81AFB9204008FA782 /* Project object */;
}
